
Microsoft Visual Studio Solution File, Format Version 12.00
# Visual Studio Version 17
VisualStudioVersion = 17.2.32516.85
MinimumVisualStudioVersion = 10.0.40219.1
Project("{FAE04EC0-301F-11D3-BF4B-00C04F79EFBC}") = "Vendista", "Vendista\Vendista.csproj", "{F9661144-AABB-48AF-B92F-F8EFF9B2E231}"
EndProject
Global
	GlobalSection(SolutionConfigurationPlatforms) = preSolution
		Debug|Any CPU = Debug|Any CPU
		Release|Any CPU = Release|Any CPU
	EndGlobalSection
	GlobalSection(ProjectConfigurationPlatforms) = postSolution
		{F9661144-AABB-48AF-B92F-F8EFF9B2E231}.Debug|Any CPU.ActiveCfg = Debug|Any CPU
		{F9661144-AABB-48AF-B92F-F8EFF9B2E231}.Debug|Any CPU.Build.0 = Debug|Any CPU
		{F9661144-AABB-48AF-B92F-F8EFF9B2E231}.Release|Any CPU.ActiveCfg = Release|Any CPU
		{F9661144-AABB-48AF-B92F-F8EFF9B2E231}.Release|Any CPU.Build.0 = Release|Any CPU
	EndGlobalSection
	GlobalSection(SolutionProperties) = preSolution
		HideSolutionNode = FALSE
	EndGlobalSection
	GlobalSection(ExtensibilityGlobals) = postSolution
		SolutionGuid = {F238AC99-CA2C-4E0F-B9A4-E7EAA0F87EBA}
	EndGlobalSection
EndGlobal
